
Microsoft Visual Studio Solution File, Format Version 12.00
# Visual Studio Version 17
VisualStudioVersion = 17.2.32616.157
MinimumVisualStudioVersion = 10.0.40219.1
Project("{8BC9CEB8-8B4A-11D0-8D11-00A0C91BC942}") = "two_func.c", "two_func.c\two_func.c.vcxproj", "{32B9ED04-CD24-4665-B75A-CD7A1706A93D}"
EndProject
Global
	GlobalSection(SolutionConfigurationPlatforms) = preSolution
		Debug|x64 = Debug|x64
		Debug|x86 = Debug|x86
		Release|x64 = Release|x64
		Release|x86 = Release|x86
	EndGlobalSection
	GlobalSection(ProjectConfigurationPlatforms) = postSolution
		{32B9ED04-CD24-4665-B75A-CD7A1706A93D}.Debug|x64.ActiveCfg = Debug|x64
		{32B9ED04-CD24-4665-B75A-CD7A1706A93D}.Debug|x64.Build.0 = Debug|x64
		{32B9ED04-CD24-4665-B75A-CD7A1706A93D}.Debug|x86.ActiveCfg = Debug|Win32
		{32B9ED04-CD24-4665-B75A-CD7A1706A93D}.Debug|x86.Build.0 = Debug|Win32
		{32B9ED04-CD24-4665-B75A-CD7A1706A93D}.Release|x64.ActiveCfg = Release|x64
		{32B9ED04-CD24-4665-B75A-CD7A1706A93D}.Release|x64.Build.0 = Release|x64
		{32B9ED04-CD24-4665-B75A-CD7A1706A93D}.Release|x86.ActiveCfg = Release|Win32
		{32B9ED04-CD24-4665-B75A-CD7A1706A93D}.Release|x86.Build.0 = Release|Win32
	EndGlobalSection
	GlobalSection(SolutionProperties) = preSolution
		HideSolutionNode = FALSE
	EndGlobalSection
	GlobalSection(ExtensibilityGlobals) = postSolution
		SolutionGuid = {D92493CB-EB50-4708-AF75-5D03FFA88ADE}
	EndGlobalSection
EndGlobal
