
Microsoft Visual Studio Solution File, Format Version 12.00
# Visual Studio Version 17
VisualStudioVersion = 17.3.32922.545
MinimumVisualStudioVersion = 10.0.40219.1
Project("{8BC9CEB8-8B4A-11D0-8D11-00A0C91BC942}") = "pta_test_09", "pta_test_09\pta_test_09.vcxproj", "{034C5F74-E317-43C1-A7B5-5EC38AD4A55F}"
EndProject
Global
	GlobalSection(SolutionConfigurationPlatforms) = preSolution
		Debug|x64 = Debug|x64
		Debug|x86 = Debug|x86
		Release|x64 = Release|x64
		Release|x86 = Release|x86
	EndGlobalSection
	GlobalSection(ProjectConfigurationPlatforms) = postSolution
		{034C5F74-E317-43C1-A7B5-5EC38AD4A55F}.Debug|x64.ActiveCfg = Debug|x64
		{034C5F74-E317-43C1-A7B5-5EC38AD4A55F}.Debug|x64.Build.0 = Debug|x64
		{034C5F74-E317-43C1-A7B5-5EC38AD4A55F}.Debug|x86.ActiveCfg = Debug|Win32
		{034C5F74-E317-43C1-A7B5-5EC38AD4A55F}.Debug|x86.Build.0 = Debug|Win32
		{034C5F74-E317-43C1-A7B5-5EC38AD4A55F}.Release|x64.ActiveCfg = Release|x64
		{034C5F74-E317-43C1-A7B5-5EC38AD4A55F}.Release|x64.Build.0 = Release|x64
		{034C5F74-E317-43C1-A7B5-5EC38AD4A55F}.Release|x86.ActiveCfg = Release|Win32
		{034C5F74-E317-43C1-A7B5-5EC38AD4A55F}.Release|x86.Build.0 = Release|Win32
	EndGlobalSection
	GlobalSection(SolutionProperties) = preSolution
		HideSolutionNode = FALSE
	EndGlobalSection
	GlobalSection(ExtensibilityGlobals) = postSolution
		SolutionGuid = {71B644CA-A7F6-498D-8D98-B36EAC8ED385}
	EndGlobalSection
EndGlobal
