
Microsoft Visual Studio Solution File, Format Version 12.00
# Visual Studio Version 17
VisualStudioVersion = 17.3.32922.545
MinimumVisualStudioVersion = 10.0.40219.1
Project("{8BC9CEB8-8B4A-11D0-8D11-00A0C91BC942}") = "rectangle", "rectangle\rectangle.vcxproj", "{B37D5E4E-8803-47C3-B6B1-5D581DE3BECF}"
EndProject
Global
	GlobalSection(SolutionConfigurationPlatforms) = preSolution
		Debug|x64 = Debug|x64
		Debug|x86 = Debug|x86
		Release|x64 = Release|x64
		Release|x86 = Release|x86
	EndGlobalSection
	GlobalSection(ProjectConfigurationPlatforms) = postSolution
		{B37D5E4E-8803-47C3-B6B1-5D581DE3BECF}.Debug|x64.ActiveCfg = Debug|x64
		{B37D5E4E-8803-47C3-B6B1-5D581DE3BECF}.Debug|x64.Build.0 = Debug|x64
		{B37D5E4E-8803-47C3-B6B1-5D581DE3BECF}.Debug|x86.ActiveCfg = Debug|Win32
		{B37D5E4E-8803-47C3-B6B1-5D581DE3BECF}.Debug|x86.Build.0 = Debug|Win32
		{B37D5E4E-8803-47C3-B6B1-5D581DE3BECF}.Release|x64.ActiveCfg = Release|x64
		{B37D5E4E-8803-47C3-B6B1-5D581DE3BECF}.Release|x64.Build.0 = Release|x64
		{B37D5E4E-8803-47C3-B6B1-5D581DE3BECF}.Release|x86.ActiveCfg = Release|Win32
		{B37D5E4E-8803-47C3-B6B1-5D581DE3BECF}.Release|x86.Build.0 = Release|Win32
	EndGlobalSection
	GlobalSection(SolutionProperties) = preSolution
		HideSolutionNode = FALSE
	EndGlobalSection
	GlobalSection(ExtensibilityGlobals) = postSolution
		SolutionGuid = {A558C154-7B61-4351-AF63-AFF25147A1F6}
	EndGlobalSection
EndGlobal
