
Microsoft Visual Studio Solution File, Format Version 12.00
# Visual Studio Version 17
VisualStudioVersion = 17.4.33110.190
MinimumVisualStudioVersion = 10.0.40219.1
Project("{8BC9CEB8-8B4A-11D0-8D11-00A0C91BC942}") = "pta_05_6_15_输出指定范围内的Fibonacci数", "pta_05_6_15_输出指定范围内的Fibonacci数\pta_05_6_15_输出指定范围内的Fibonacci数.vcxproj", "{CAF93BEC-9409-4061-9408-FCD8B21C9ED5}"
EndProject
Global
	GlobalSection(SolutionConfigurationPlatforms) = preSolution
		Debug|x64 = Debug|x64
		Debug|x86 = Debug|x86
		Release|x64 = Release|x64
		Release|x86 = Release|x86
	EndGlobalSection
	GlobalSection(ProjectConfigurationPlatforms) = postSolution
		{CAF93BEC-9409-4061-9408-FCD8B21C9ED5}.Debug|x64.ActiveCfg = Debug|x64
		{CAF93BEC-9409-4061-9408-FCD8B21C9ED5}.Debug|x64.Build.0 = Debug|x64
		{CAF93BEC-9409-4061-9408-FCD8B21C9ED5}.Debug|x86.ActiveCfg = Debug|Win32
		{CAF93BEC-9409-4061-9408-FCD8B21C9ED5}.Debug|x86.Build.0 = Debug|Win32
		{CAF93BEC-9409-4061-9408-FCD8B21C9ED5}.Release|x64.ActiveCfg = Release|x64
		{CAF93BEC-9409-4061-9408-FCD8B21C9ED5}.Release|x64.Build.0 = Release|x64
		{CAF93BEC-9409-4061-9408-FCD8B21C9ED5}.Release|x86.ActiveCfg = Release|Win32
		{CAF93BEC-9409-4061-9408-FCD8B21C9ED5}.Release|x86.Build.0 = Release|Win32
	EndGlobalSection
	GlobalSection(SolutionProperties) = preSolution
		HideSolutionNode = FALSE
	EndGlobalSection
	GlobalSection(ExtensibilityGlobals) = postSolution
		SolutionGuid = {C3461CDD-17FD-4037-BCBF-75567EA71743}
	EndGlobalSection
EndGlobal
