
Microsoft Visual Studio Solution File, Format Version 12.00
# Visual Studio Version 17
VisualStudioVersion = 17.3.32922.545
MinimumVisualStudioVersion = 10.0.40219.1
Project("{8BC9CEB8-8B4A-11D0-8D11-00A0C91BC942}") = "hello_work", "hello_work\hello_work.vcxproj", "{515EF45B-2E85-4A92-8A39-A831B874AD5D}"
EndProject
Global
	GlobalSection(SolutionConfigurationPlatforms) = preSolution
		Debug|x64 = Debug|x64
		Debug|x86 = Debug|x86
		Release|x64 = Release|x64
		Release|x86 = Release|x86
	EndGlobalSection
	GlobalSection(ProjectConfigurationPlatforms) = postSolution
		{515EF45B-2E85-4A92-8A39-A831B874AD5D}.Debug|x64.ActiveCfg = Debug|x64
		{515EF45B-2E85-4A92-8A39-A831B874AD5D}.Debug|x64.Build.0 = Debug|x64
		{515EF45B-2E85-4A92-8A39-A831B874AD5D}.Debug|x86.ActiveCfg = Debug|Win32
		{515EF45B-2E85-4A92-8A39-A831B874AD5D}.Debug|x86.Build.0 = Debug|Win32
		{515EF45B-2E85-4A92-8A39-A831B874AD5D}.Release|x64.ActiveCfg = Release|x64
		{515EF45B-2E85-4A92-8A39-A831B874AD5D}.Release|x64.Build.0 = Release|x64
		{515EF45B-2E85-4A92-8A39-A831B874AD5D}.Release|x86.ActiveCfg = Release|Win32
		{515EF45B-2E85-4A92-8A39-A831B874AD5D}.Release|x86.Build.0 = Release|Win32
	EndGlobalSection
	GlobalSection(SolutionProperties) = preSolution
		HideSolutionNode = FALSE
	EndGlobalSection
	GlobalSection(ExtensibilityGlobals) = postSolution
		SolutionGuid = {431761ED-72B1-46E3-9A17-2CE43C9CE645}
	EndGlobalSection
EndGlobal
