
Microsoft Visual Studio Solution File, Format Version 12.00
# Visual Studio Version 17
VisualStudioVersion = 17.3.32922.545
MinimumVisualStudioVersion = 10.0.40219.1
Project("{8BC9CEB8-8B4A-11D0-8D11-00A0C91BC942}") = "pta_03_7_7_find out the minimum value", "pta_03_7_7_find out the minimum value\pta_03_7_7_find out the minimum value.vcxproj", "{C9D69392-81EF-4ADA-B065-18CC12256A7D}"
EndProject
Global
	GlobalSection(SolutionConfigurationPlatforms) = preSolution
		Debug|x64 = Debug|x64
		Debug|x86 = Debug|x86
		Release|x64 = Release|x64
		Release|x86 = Release|x86
	EndGlobalSection
	GlobalSection(ProjectConfigurationPlatforms) = postSolution
		{C9D69392-81EF-4ADA-B065-18CC12256A7D}.Debug|x64.ActiveCfg = Debug|x64
		{C9D69392-81EF-4ADA-B065-18CC12256A7D}.Debug|x64.Build.0 = Debug|x64
		{C9D69392-81EF-4ADA-B065-18CC12256A7D}.Debug|x86.ActiveCfg = Debug|Win32
		{C9D69392-81EF-4ADA-B065-18CC12256A7D}.Debug|x86.Build.0 = Debug|Win32
		{C9D69392-81EF-4ADA-B065-18CC12256A7D}.Release|x64.ActiveCfg = Release|x64
		{C9D69392-81EF-4ADA-B065-18CC12256A7D}.Release|x64.Build.0 = Release|x64
		{C9D69392-81EF-4ADA-B065-18CC12256A7D}.Release|x86.ActiveCfg = Release|Win32
		{C9D69392-81EF-4ADA-B065-18CC12256A7D}.Release|x86.Build.0 = Release|Win32
	EndGlobalSection
	GlobalSection(SolutionProperties) = preSolution
		HideSolutionNode = FALSE
	EndGlobalSection
	GlobalSection(ExtensibilityGlobals) = postSolution
		SolutionGuid = {A91D4EDC-B3E1-4B35-AE33-022D08067DC3}
	EndGlobalSection
EndGlobal
