
Microsoft Visual Studio Solution File, Format Version 12.00
# Visual Studio Version 17
VisualStudioVersion = 17.3.32901.215
MinimumVisualStudioVersion = 10.0.40219.1
Project("{8BC9CEB8-8B4A-11D0-8D11-00A0C91BC942}") = "assign the square of x to y", "assign the square of x to y\assign the square of x to y.vcxproj", "{D0456078-BA95-451C-9382-24E49CE9B46F}"
EndProject
Global
	GlobalSection(SolutionConfigurationPlatforms) = preSolution
		Debug|x64 = Debug|x64
		Debug|x86 = Debug|x86
		Release|x64 = Release|x64
		Release|x86 = Release|x86
	EndGlobalSection
	GlobalSection(ProjectConfigurationPlatforms) = postSolution
		{D0456078-BA95-451C-9382-24E49CE9B46F}.Debug|x64.ActiveCfg = Debug|x64
		{D0456078-BA95-451C-9382-24E49CE9B46F}.Debug|x64.Build.0 = Debug|x64
		{D0456078-BA95-451C-9382-24E49CE9B46F}.Debug|x86.ActiveCfg = Debug|Win32
		{D0456078-BA95-451C-9382-24E49CE9B46F}.Debug|x86.Build.0 = Debug|Win32
		{D0456078-BA95-451C-9382-24E49CE9B46F}.Release|x64.ActiveCfg = Release|x64
		{D0456078-BA95-451C-9382-24E49CE9B46F}.Release|x64.Build.0 = Release|x64
		{D0456078-BA95-451C-9382-24E49CE9B46F}.Release|x86.ActiveCfg = Release|Win32
		{D0456078-BA95-451C-9382-24E49CE9B46F}.Release|x86.Build.0 = Release|Win32
	EndGlobalSection
	GlobalSection(SolutionProperties) = preSolution
		HideSolutionNode = FALSE
	EndGlobalSection
	GlobalSection(ExtensibilityGlobals) = postSolution
		SolutionGuid = {A99E7783-6BD7-4A15-93D6-AFCF64981C06}
	EndGlobalSection
EndGlobal
